
Microsoft Visual Studio Solution File, Format Version 12.00
Project("{FAE04EC0-301F-11D3-BF4B-00C04F79EFBC}") = "SthlmTechEvents.App", "src\SthlmTechEvents.App\SthlmTechEvents.App.csproj", "{503A0857-F6E6-49D5-AC55-5589499CFA97}"
EndProject
Project("{FAE04EC0-301F-11D3-BF4B-00C04F79EFBC}") = "SthlmTechEvents.BusinessLogic", "src\SthlmTechEvents.BusinessLogic\SthlmTechEvents.BusinessLogic.csproj", "{D022053B-9C32-4C9A-8C1A-1AEE7C9876AA}"
EndProject
Project("{FAE04EC0-301F-11D3-BF4B-00C04F79EFBC}") = "SthlmTechEvents.BusinessLogic.Tests", "test\SthlmTechEvents.BusinessLogic.Tests\SthlmTechEvents.BusinessLogic.Tests.csproj", "{B82ADAAD-A82A-456B-A7A8-F96CDF074386}"
EndProject
Project("{FAE04EC0-301F-11D3-BF4B-00C04F79EFBC}") = "SthlmTechEvents.Data", "src\SthlmTechEvents.Data\SthlmTechEvents.Data.csproj", "{D06C49DB-4979-4176-BF5E-E0796316B79E}"
EndProject
Global
	GlobalSection(SolutionConfigurationPlatforms) = preSolution
		Debug|Any CPU = Debug|Any CPU
		Release|Any CPU = Release|Any CPU
	EndGlobalSection
	GlobalSection(ProjectConfigurationPlatforms) = postSolution
		{503A0857-F6E6-49D5-AC55-5589499CFA97}.Debug|Any CPU.ActiveCfg = Debug|Any CPU
		{503A0857-F6E6-49D5-AC55-5589499CFA97}.Debug|Any CPU.Build.0 = Debug|Any CPU
		{503A0857-F6E6-49D5-AC55-5589499CFA97}.Release|Any CPU.ActiveCfg = Release|Any CPU
		{503A0857-F6E6-49D5-AC55-5589499CFA97}.Release|Any CPU.Build.0 = Release|Any CPU
		{D022053B-9C32-4C9A-8C1A-1AEE7C9876AA}.Debug|Any CPU.ActiveCfg = Debug|Any CPU
		{D022053B-9C32-4C9A-8C1A-1AEE7C9876AA}.Debug|Any CPU.Build.0 = Debug|Any CPU
		{D022053B-9C32-4C9A-8C1A-1AEE7C9876AA}.Release|Any CPU.ActiveCfg = Release|Any CPU
		{D022053B-9C32-4C9A-8C1A-1AEE7C9876AA}.Release|Any CPU.Build.0 = Release|Any CPU
		{B82ADAAD-A82A-456B-A7A8-F96CDF074386}.Debug|Any CPU.ActiveCfg = Debug|Any CPU
		{B82ADAAD-A82A-456B-A7A8-F96CDF074386}.Debug|Any CPU.Build.0 = Debug|Any CPU
		{B82ADAAD-A82A-456B-A7A8-F96CDF074386}.Release|Any CPU.ActiveCfg = Release|Any CPU
		{B82ADAAD-A82A-456B-A7A8-F96CDF074386}.Release|Any CPU.Build.0 = Release|Any CPU
		{D06C49DB-4979-4176-BF5E-E0796316B79E}.Debug|Any CPU.ActiveCfg = Debug|Any CPU
		{D06C49DB-4979-4176-BF5E-E0796316B79E}.Debug|Any CPU.Build.0 = Debug|Any CPU
		{D06C49DB-4979-4176-BF5E-E0796316B79E}.Release|Any CPU.ActiveCfg = Release|Any CPU
		{D06C49DB-4979-4176-BF5E-E0796316B79E}.Release|Any CPU.Build.0 = Release|Any CPU
	EndGlobalSection
EndGlobal
